
Microsoft Visual Studio Solution File, Format Version 10.00
# Visual Studio 2008
Project("{FAE04EC0-301F-11D3-BF4B-00C04F79EFBC}") = "Quokka.Tests", "Quokka.Tests\Quokka.Tests.csproj", "{FA1B5C87-5E8C-4B9A-8493-302C821D31F6}"
EndProject
Project("{FAE04EC0-301F-11D3-BF4B-00C04F79EFBC}") = "Quokka.WinForms", "Quokka.WinForms\Quokka.WinForms.csproj", "{2E9F1CF5-C91E-4B40-B5F0-273C0E2ADFB6}"
EndProject
Project("{FAE04EC0-301F-11D3-BF4B-00C04F79EFBC}") = "Quokka.WinForms.Tests", "Quokka.WinForms.Tests\Quokka.WinForms.Tests.csproj", "{BC3DF433-038F-4781-9A1E-865756FC91BA}"
EndProject
Project("{FAE04EC0-301F-11D3-BF4B-00C04F79EFBC}") = "Quokka.Core", "Quokka.Core\Quokka.Core.csproj", "{A6C8B3C0-480E-4EFD-81B1-6BE3CA5BB19B}"
EndProject
Project("{FAE04EC0-301F-11D3-BF4B-00C04F79EFBC}") = "Quokka.Domain", "Quokka.Domain\Quokka.Domain.csproj", "{59F8AE7F-F658-4902-A915-A871F54208DB}"
EndProject
Project("{FAE04EC0-301F-11D3-BF4B-00C04F79EFBC}") = "Quokka.NH", "Quokka.NH\Quokka.NH.csproj", "{BA85A91F-6C8C-4E54-8CA8-0952E6556231}"
EndProject
Project("{FAE04EC0-301F-11D3-BF4B-00C04F79EFBC}") = "Quokka.WinForms.Startup", "Quokka.WinForms.Startup\Quokka.WinForms.Startup.csproj", "{CD4991EE-AF09-4E88-BBF0-0BB8EB843DD5}"
EndProject
Global
	GlobalSection(SolutionConfigurationPlatforms) = preSolution
		Debug|Any CPU = Debug|Any CPU
		Release|Any CPU = Release|Any CPU
	EndGlobalSection
	GlobalSection(ProjectConfigurationPlatforms) = postSolution
		{FA1B5C87-5E8C-4B9A-8493-302C821D31F6}.Debug|Any CPU.ActiveCfg = Debug|Any CPU
		{FA1B5C87-5E8C-4B9A-8493-302C821D31F6}.Debug|Any CPU.Build.0 = Debug|Any CPU
		{FA1B5C87-5E8C-4B9A-8493-302C821D31F6}.Release|Any CPU.ActiveCfg = Release|Any CPU
		{FA1B5C87-5E8C-4B9A-8493-302C821D31F6}.Release|Any CPU.Build.0 = Release|Any CPU
		{2E9F1CF5-C91E-4B40-B5F0-273C0E2ADFB6}.Debug|Any CPU.ActiveCfg = Debug|Any CPU
		{2E9F1CF5-C91E-4B40-B5F0-273C0E2ADFB6}.Debug|Any CPU.Build.0 = Debug|Any CPU
		{2E9F1CF5-C91E-4B40-B5F0-273C0E2ADFB6}.Release|Any CPU.ActiveCfg = Release|Any CPU
		{2E9F1CF5-C91E-4B40-B5F0-273C0E2ADFB6}.Release|Any CPU.Build.0 = Release|Any CPU
		{BC3DF433-038F-4781-9A1E-865756FC91BA}.Debug|Any CPU.ActiveCfg = Debug|Any CPU
		{BC3DF433-038F-4781-9A1E-865756FC91BA}.Debug|Any CPU.Build.0 = Debug|Any CPU
		{BC3DF433-038F-4781-9A1E-865756FC91BA}.Release|Any CPU.ActiveCfg = Release|Any CPU
		{BC3DF433-038F-4781-9A1E-865756FC91BA}.Release|Any CPU.Build.0 = Release|Any CPU
		{A6C8B3C0-480E-4EFD-81B1-6BE3CA5BB19B}.Debug|Any CPU.ActiveCfg = Debug|Any CPU
		{A6C8B3C0-480E-4EFD-81B1-6BE3CA5BB19B}.Debug|Any CPU.Build.0 = Debug|Any CPU
		{A6C8B3C0-480E-4EFD-81B1-6BE3CA5BB19B}.Release|Any CPU.ActiveCfg = Release|Any CPU
		{A6C8B3C0-480E-4EFD-81B1-6BE3CA5BB19B}.Release|Any CPU.Build.0 = Release|Any CPU
		{59F8AE7F-F658-4902-A915-A871F54208DB}.Debug|Any CPU.ActiveCfg = Debug|Any CPU
		{59F8AE7F-F658-4902-A915-A871F54208DB}.Debug|Any CPU.Build.0 = Debug|Any CPU
		{59F8AE7F-F658-4902-A915-A871F54208DB}.Release|Any CPU.ActiveCfg = Release|Any CPU
		{59F8AE7F-F658-4902-A915-A871F54208DB}.Release|Any CPU.Build.0 = Release|Any CPU
		{BA85A91F-6C8C-4E54-8CA8-0952E6556231}.Debug|Any CPU.ActiveCfg = Debug|Any CPU
		{BA85A91F-6C8C-4E54-8CA8-0952E6556231}.Debug|Any CPU.Build.0 = Debug|Any CPU
		{BA85A91F-6C8C-4E54-8CA8-0952E6556231}.Release|Any CPU.ActiveCfg = Release|Any CPU
		{BA85A91F-6C8C-4E54-8CA8-0952E6556231}.Release|Any CPU.Build.0 = Release|Any CPU
		{CD4991EE-AF09-4E88-BBF0-0BB8EB843DD5}.Debug|Any CPU.ActiveCfg = Debug|Any CPU
		{CD4991EE-AF09-4E88-BBF0-0BB8EB843DD5}.Debug|Any CPU.Build.0 = Debug|Any CPU
		{CD4991EE-AF09-4E88-BBF0-0BB8EB843DD5}.Release|Any CPU.ActiveCfg = Release|Any CPU
		{CD4991EE-AF09-4E88-BBF0-0BB8EB843DD5}.Release|Any CPU.Build.0 = Release|Any CPU
	EndGlobalSection
	GlobalSection(SolutionProperties) = preSolution
		HideSolutionNode = FALSE
	EndGlobalSection
EndGlobal
