
Microsoft Visual Studio Solution File, Format Version 10.00
# Visual Studio 2008
Project("{FAE04EC0-301F-11D3-BF4B-00C04F79EFBC}") = "Quokka.Tests", "Quokka.Tests\Quokka.Tests.csproj", "{FA1B5C87-5E8C-4B9A-8493-302C821D31F6}"
EndProject
Project("{FAE04EC0-301F-11D3-BF4B-00C04F79EFBC}") = "Quokka.WinForms", "Quokka.WinForms\Quokka.WinForms.csproj", "{2E9F1CF5-C91E-4B40-B5F0-273C0E2ADFB6}"
EndProject
Project("{FAE04EC0-301F-11D3-BF4B-00C04F79EFBC}") = "Quokka.WinForms.Tests", "Quokka.WinForms.Tests\Quokka.WinForms.Tests.csproj", "{BC3DF433-038F-4781-9A1E-865756FC91BA}"
EndProject
Project("{FAE04EC0-301F-11D3-BF4B-00C04F79EFBC}") = "Quokka.Core", "Quokka.Core\Quokka.Core.csproj", "{A6C8B3C0-480E-4EFD-81B1-6BE3CA5BB19B}"
EndProject
Project("{FAE04EC0-301F-11D3-BF4B-00C04F79EFBC}") = "Quokka.Domain", "Quokka.Domain\Quokka.Domain.csproj", "{59F8AE7F-F658-4902-A915-A871F54208DB}"
EndProject
Project("{FAE04EC0-301F-11D3-BF4B-00C04F79EFBC}") = "Quokka.NH", "Quokka.NH\Quokka.NH.csproj", "{BA85A91F-6C8C-4E54-8CA8-0952E6556231}"
EndProject
Project("{FAE04EC0-301F-11D3-BF4B-00C04F79EFBC}") = "Quokka.WinForms.Startup", "Quokka.WinForms.Startup\Quokka.WinForms.Startup.csproj", "{CD4991EE-AF09-4E88-BBF0-0BB8EB843DD5}"
EndProject
Project("{FAE04EC0-301F-11D3-BF4B-00C04F79EFBC}") = "Quokka.Unity", "Quokka.Unity\Quokka.Unity.csproj", "{52A00CC5-7821-40EC-A08A-F777301B55DB}"
EndProject
Project("{2150E333-8FDC-42A3-9474-1A3956D46DE8}") = "Examples", "Examples", "{A0092DF8-6014-475F-97CF-5CB757477A51}"
EndProject
Project("{FAE04EC0-301F-11D3-BF4B-00C04F79EFBC}") = "Example1", "Examples\Example1\Example1.csproj", "{6ED4DC5A-E095-4BE9-84CD-74D2E043EFCA}"
EndProject
Project("{FAE04EC0-301F-11D3-BF4B-00C04F79EFBC}") = "Example2", "Examples\Example2\Example2.csproj", "{160E4D86-AF73-42B2-B85D-165879C7CAE9}"
EndProject
Project("{FAE04EC0-301F-11D3-BF4B-00C04F79EFBC}") = "Quokka.Krypton", "Quokka.Krypton\Quokka.Krypton.csproj", "{7CAFB430-325C-4C28-A2A0-E03E8D1B0EBD}"
EndProject
Project("{FAE04EC0-301F-11D3-BF4B-00C04F79EFBC}") = "Example3", "Examples\Example3\Example3.csproj", "{559D00B0-CC23-4908-A225-7EDCEB1DF7BA}"
EndProject
Project("{2150E333-8FDC-42A3-9474-1A3956D46DE8}") = "Dashboard", "Dashboard", "{8BBF7230-2636-40FC-8ABA-D24D0BC4DB5A}"
EndProject
Project("{FAE04EC0-301F-11D3-BF4B-00C04F79EFBC}") = "Dashboard", "Examples\Dashboard\Dashboard\Dashboard.csproj", "{DD65F818-DF46-461C-AFB0-58AACE721606}"
EndProject
Project("{FAE04EC0-301F-11D3-BF4B-00C04F79EFBC}") = "Dashboard.Core", "Dashboard.Core\Dashboard.Core.csproj", "{AA9136C3-A42A-4482-A0BF-978FDEE3B276}"
EndProject
Global
	GlobalSection(SolutionConfigurationPlatforms) = preSolution
		Debug|Any CPU = Debug|Any CPU
		Release|Any CPU = Release|Any CPU
	EndGlobalSection
	GlobalSection(ProjectConfigurationPlatforms) = postSolution
		{FA1B5C87-5E8C-4B9A-8493-302C821D31F6}.Debug|Any CPU.ActiveCfg = Debug|Any CPU
		{FA1B5C87-5E8C-4B9A-8493-302C821D31F6}.Debug|Any CPU.Build.0 = Debug|Any CPU
		{FA1B5C87-5E8C-4B9A-8493-302C821D31F6}.Release|Any CPU.ActiveCfg = Release|Any CPU
		{FA1B5C87-5E8C-4B9A-8493-302C821D31F6}.Release|Any CPU.Build.0 = Release|Any CPU
		{2E9F1CF5-C91E-4B40-B5F0-273C0E2ADFB6}.Debug|Any CPU.ActiveCfg = Debug|Any CPU
		{2E9F1CF5-C91E-4B40-B5F0-273C0E2ADFB6}.Debug|Any CPU.Build.0 = Debug|Any CPU
		{2E9F1CF5-C91E-4B40-B5F0-273C0E2ADFB6}.Release|Any CPU.ActiveCfg = Release|Any CPU
		{2E9F1CF5-C91E-4B40-B5F0-273C0E2ADFB6}.Release|Any CPU.Build.0 = Release|Any CPU
		{BC3DF433-038F-4781-9A1E-865756FC91BA}.Debug|Any CPU.ActiveCfg = Debug|Any CPU
		{BC3DF433-038F-4781-9A1E-865756FC91BA}.Debug|Any CPU.Build.0 = Debug|Any CPU
		{BC3DF433-038F-4781-9A1E-865756FC91BA}.Release|Any CPU.ActiveCfg = Release|Any CPU
		{BC3DF433-038F-4781-9A1E-865756FC91BA}.Release|Any CPU.Build.0 = Release|Any CPU
		{A6C8B3C0-480E-4EFD-81B1-6BE3CA5BB19B}.Debug|Any CPU.ActiveCfg = Debug|Any CPU
		{A6C8B3C0-480E-4EFD-81B1-6BE3CA5BB19B}.Debug|Any CPU.Build.0 = Debug|Any CPU
		{A6C8B3C0-480E-4EFD-81B1-6BE3CA5BB19B}.Release|Any CPU.ActiveCfg = Release|Any CPU
		{A6C8B3C0-480E-4EFD-81B1-6BE3CA5BB19B}.Release|Any CPU.Build.0 = Release|Any CPU
		{59F8AE7F-F658-4902-A915-A871F54208DB}.Debug|Any CPU.ActiveCfg = Debug|Any CPU
		{59F8AE7F-F658-4902-A915-A871F54208DB}.Debug|Any CPU.Build.0 = Debug|Any CPU
		{59F8AE7F-F658-4902-A915-A871F54208DB}.Release|Any CPU.ActiveCfg = Release|Any CPU
		{59F8AE7F-F658-4902-A915-A871F54208DB}.Release|Any CPU.Build.0 = Release|Any CPU
		{BA85A91F-6C8C-4E54-8CA8-0952E6556231}.Debug|Any CPU.ActiveCfg = Debug|Any CPU
		{BA85A91F-6C8C-4E54-8CA8-0952E6556231}.Debug|Any CPU.Build.0 = Debug|Any CPU
		{BA85A91F-6C8C-4E54-8CA8-0952E6556231}.Release|Any CPU.ActiveCfg = Release|Any CPU
		{BA85A91F-6C8C-4E54-8CA8-0952E6556231}.Release|Any CPU.Build.0 = Release|Any CPU
		{CD4991EE-AF09-4E88-BBF0-0BB8EB843DD5}.Debug|Any CPU.ActiveCfg = Debug|Any CPU
		{CD4991EE-AF09-4E88-BBF0-0BB8EB843DD5}.Debug|Any CPU.Build.0 = Debug|Any CPU
		{CD4991EE-AF09-4E88-BBF0-0BB8EB843DD5}.Release|Any CPU.ActiveCfg = Release|Any CPU
		{CD4991EE-AF09-4E88-BBF0-0BB8EB843DD5}.Release|Any CPU.Build.0 = Release|Any CPU
		{52A00CC5-7821-40EC-A08A-F777301B55DB}.Debug|Any CPU.ActiveCfg = Debug|Any CPU
		{52A00CC5-7821-40EC-A08A-F777301B55DB}.Debug|Any CPU.Build.0 = Debug|Any CPU
		{52A00CC5-7821-40EC-A08A-F777301B55DB}.Release|Any CPU.ActiveCfg = Release|Any CPU
		{52A00CC5-7821-40EC-A08A-F777301B55DB}.Release|Any CPU.Build.0 = Release|Any CPU
		{6ED4DC5A-E095-4BE9-84CD-74D2E043EFCA}.Debug|Any CPU.ActiveCfg = Debug|Any CPU
		{6ED4DC5A-E095-4BE9-84CD-74D2E043EFCA}.Debug|Any CPU.Build.0 = Debug|Any CPU
		{6ED4DC5A-E095-4BE9-84CD-74D2E043EFCA}.Release|Any CPU.ActiveCfg = Release|Any CPU
		{6ED4DC5A-E095-4BE9-84CD-74D2E043EFCA}.Release|Any CPU.Build.0 = Release|Any CPU
		{160E4D86-AF73-42B2-B85D-165879C7CAE9}.Debug|Any CPU.ActiveCfg = Debug|Any CPU
		{160E4D86-AF73-42B2-B85D-165879C7CAE9}.Debug|Any CPU.Build.0 = Debug|Any CPU
		{160E4D86-AF73-42B2-B85D-165879C7CAE9}.Release|Any CPU.ActiveCfg = Release|Any CPU
		{160E4D86-AF73-42B2-B85D-165879C7CAE9}.Release|Any CPU.Build.0 = Release|Any CPU
		{7CAFB430-325C-4C28-A2A0-E03E8D1B0EBD}.Debug|Any CPU.ActiveCfg = Debug|Any CPU
		{7CAFB430-325C-4C28-A2A0-E03E8D1B0EBD}.Debug|Any CPU.Build.0 = Debug|Any CPU
		{7CAFB430-325C-4C28-A2A0-E03E8D1B0EBD}.Release|Any CPU.ActiveCfg = Release|Any CPU
		{7CAFB430-325C-4C28-A2A0-E03E8D1B0EBD}.Release|Any CPU.Build.0 = Release|Any CPU
		{559D00B0-CC23-4908-A225-7EDCEB1DF7BA}.Debug|Any CPU.ActiveCfg = Debug|Any CPU
		{559D00B0-CC23-4908-A225-7EDCEB1DF7BA}.Debug|Any CPU.Build.0 = Debug|Any CPU
		{559D00B0-CC23-4908-A225-7EDCEB1DF7BA}.Release|Any CPU.ActiveCfg = Release|Any CPU
		{559D00B0-CC23-4908-A225-7EDCEB1DF7BA}.Release|Any CPU.Build.0 = Release|Any CPU
		{DD65F818-DF46-461C-AFB0-58AACE721606}.Debug|Any CPU.ActiveCfg = Debug|Any CPU
		{DD65F818-DF46-461C-AFB0-58AACE721606}.Debug|Any CPU.Build.0 = Debug|Any CPU
		{DD65F818-DF46-461C-AFB0-58AACE721606}.Release|Any CPU.ActiveCfg = Release|Any CPU
		{DD65F818-DF46-461C-AFB0-58AACE721606}.Release|Any CPU.Build.0 = Release|Any CPU
		{AA9136C3-A42A-4482-A0BF-978FDEE3B276}.Debug|Any CPU.ActiveCfg = Debug|Any CPU
		{AA9136C3-A42A-4482-A0BF-978FDEE3B276}.Debug|Any CPU.Build.0 = Debug|Any CPU
		{AA9136C3-A42A-4482-A0BF-978FDEE3B276}.Release|Any CPU.ActiveCfg = Release|Any CPU
		{AA9136C3-A42A-4482-A0BF-978FDEE3B276}.Release|Any CPU.Build.0 = Release|Any CPU
	EndGlobalSection
	GlobalSection(SolutionProperties) = preSolution
		HideSolutionNode = FALSE
	EndGlobalSection
	GlobalSection(NestedProjects) = preSolution
		{6ED4DC5A-E095-4BE9-84CD-74D2E043EFCA} = {A0092DF8-6014-475F-97CF-5CB757477A51}
		{160E4D86-AF73-42B2-B85D-165879C7CAE9} = {A0092DF8-6014-475F-97CF-5CB757477A51}
		{559D00B0-CC23-4908-A225-7EDCEB1DF7BA} = {A0092DF8-6014-475F-97CF-5CB757477A51}
		{8BBF7230-2636-40FC-8ABA-D24D0BC4DB5A} = {A0092DF8-6014-475F-97CF-5CB757477A51}
		{DD65F818-DF46-461C-AFB0-58AACE721606} = {8BBF7230-2636-40FC-8ABA-D24D0BC4DB5A}
		{AA9136C3-A42A-4482-A0BF-978FDEE3B276} = {8BBF7230-2636-40FC-8ABA-D24D0BC4DB5A}
	EndGlobalSection
EndGlobal
